
Microsoft Visual Studio Solution File, Format Version 12.00
# Visual Studio Express 14 for Web
VisualStudioVersion = 14.0.25420.1
MinimumVisualStudioVersion = 10.0.40219.1
Project("{FAE04EC0-301F-11D3-BF4B-00C04F79EFBC}") = "MaasWebAPI", "MaasWebAPI\MaasWebAPI.csproj", "{90463BEC-8505-45F0-8BD8-31714F7C36CE}"
EndProject
Global
	GlobalSection(SolutionConfigurationPlatforms) = preSolution
		Debug|Any CPU = Debug|Any CPU
		Release|Any CPU = Release|Any CPU
	EndGlobalSection
	GlobalSection(ProjectConfigurationPlatforms) = postSolution
		{90463BEC-8505-45F0-8BD8-31714F7C36CE}.Debug|Any CPU.ActiveCfg = Debug|Any CPU
		{90463BEC-8505-45F0-8BD8-31714F7C36CE}.Debug|Any CPU.Build.0 = Debug|Any CPU
		{90463BEC-8505-45F0-8BD8-31714F7C36CE}.Release|Any CPU.ActiveCfg = Release|Any CPU
		{90463BEC-8505-45F0-8BD8-31714F7C36CE}.Release|Any CPU.Build.0 = Release|Any CPU
	EndGlobalSection
	GlobalSection(SolutionProperties) = preSolution
		HideSolutionNode = FALSE
	EndGlobalSection
EndGlobal
